
Microsoft Visual Studio Solution File, Format Version 12.00
# Visual Studio for Mac
Project("{FAE04EC0-301F-11D3-BF4B-00C04F79EFBC}") = "Farmer_River", "Farmer_River.csproj", "{435D2437-F887-1A08-9AD6-0C82E38BDEBA}"
EndProject
Project("{FAE04EC0-301F-11D3-BF4B-00C04F79EFBC}") = "Farmer_River.Plugins", "Farmer_River.Plugins.csproj", "{B2C78BE6-AA27-9741-DD7E-B4A440601DD0}"
EndProject
Project("{FAE04EC0-301F-11D3-BF4B-00C04F79EFBC}") = "Farmer_River.Editor", "Farmer_River.Editor.csproj", "{84FA152F-EF7C-25FA-1A17-63452C4BA568}"
EndProject
Global
	GlobalSection(SolutionConfigurationPlatforms) = preSolution
		Debug|Any CPU = Debug|Any CPU
		Release|Any CPU = Release|Any CPU
	EndGlobalSection
	GlobalSection(ProjectConfigurationPlatforms) = postSolution
		{435D2437-F887-1A08-9AD6-0C82E38BDEBA}.Debug|Any CPU.ActiveCfg = Debug|Any CPU
		{435D2437-F887-1A08-9AD6-0C82E38BDEBA}.Debug|Any CPU.Build.0 = Debug|Any CPU
		{435D2437-F887-1A08-9AD6-0C82E38BDEBA}.Release|Any CPU.ActiveCfg = Release|Any CPU
		{435D2437-F887-1A08-9AD6-0C82E38BDEBA}.Release|Any CPU.Build.0 = Release|Any CPU
		{B2C78BE6-AA27-9741-DD7E-B4A440601DD0}.Debug|Any CPU.ActiveCfg = Debug|Any CPU
		{B2C78BE6-AA27-9741-DD7E-B4A440601DD0}.Debug|Any CPU.Build.0 = Debug|Any CPU
		{B2C78BE6-AA27-9741-DD7E-B4A440601DD0}.Release|Any CPU.ActiveCfg = Release|Any CPU
		{B2C78BE6-AA27-9741-DD7E-B4A440601DD0}.Release|Any CPU.Build.0 = Release|Any CPU
		{84FA152F-EF7C-25FA-1A17-63452C4BA568}.Debug|Any CPU.ActiveCfg = Debug|Any CPU
		{84FA152F-EF7C-25FA-1A17-63452C4BA568}.Debug|Any CPU.Build.0 = Debug|Any CPU
		{84FA152F-EF7C-25FA-1A17-63452C4BA568}.Release|Any CPU.ActiveCfg = Release|Any CPU
		{84FA152F-EF7C-25FA-1A17-63452C4BA568}.Release|Any CPU.Build.0 = Release|Any CPU
	EndGlobalSection
	GlobalSection(SolutionProperties) = preSolution
		HideSolutionNode = FALSE
	EndGlobalSection
EndGlobal
